
Microsoft Visual Studio Solution File, Format Version 12.00
# Visual Studio Version 17
VisualStudioVersion = 17.3.32825.248
MinimumVisualStudioVersion = 10.0.40219.1
Project("{9A19103F-16F7-4668-BE54-9A1E7A4F7556}") = "Assignment.Service", "Assignment.Service.csproj", "{5559C42E-D3D3-40B2-81F5-01AF8DCC9DF7}"
EndProject
Project("{FAE04EC0-301F-11D3-BF4B-00C04F79EFBC}") = "Assignment.Test", "..\Assignment.Test\Assignment.Test.csproj", "{3E15555B-DC53-4E0E-9B92-CB728CE86305}"
EndProject
Global
	GlobalSection(SolutionConfigurationPlatforms) = preSolution
		Debug|Any CPU = Debug|Any CPU
		Release|Any CPU = Release|Any CPU
	EndGlobalSection
	GlobalSection(ProjectConfigurationPlatforms) = postSolution
		{5559C42E-D3D3-40B2-81F5-01AF8DCC9DF7}.Debug|Any CPU.ActiveCfg = Debug|Any CPU
		{5559C42E-D3D3-40B2-81F5-01AF8DCC9DF7}.Debug|Any CPU.Build.0 = Debug|Any CPU
		{5559C42E-D3D3-40B2-81F5-01AF8DCC9DF7}.Release|Any CPU.ActiveCfg = Release|Any CPU
		{5559C42E-D3D3-40B2-81F5-01AF8DCC9DF7}.Release|Any CPU.Build.0 = Release|Any CPU
		{3E15555B-DC53-4E0E-9B92-CB728CE86305}.Debug|Any CPU.ActiveCfg = Debug|Any CPU
		{3E15555B-DC53-4E0E-9B92-CB728CE86305}.Debug|Any CPU.Build.0 = Debug|Any CPU
		{3E15555B-DC53-4E0E-9B92-CB728CE86305}.Release|Any CPU.ActiveCfg = Release|Any CPU
		{3E15555B-DC53-4E0E-9B92-CB728CE86305}.Release|Any CPU.Build.0 = Release|Any CPU
	EndGlobalSection
	GlobalSection(SolutionProperties) = preSolution
		HideSolutionNode = FALSE
	EndGlobalSection
	GlobalSection(ExtensibilityGlobals) = postSolution
		SolutionGuid = {4AB03C4D-D419-47FE-8207-4FF11CFEA70E}
	EndGlobalSection
EndGlobal
